
Microsoft Visual Studio Solution File, Format Version 12.00
# Visual Studio Version 16
VisualStudioVersion = 16.0.29025.244
MinimumVisualStudioVersion = 10.0.40219.1
Project("{FAE04EC0-301F-11D3-BF4B-00C04F79EFBC}") = "Sakr", "Sakr\Sakr.csproj", "{CF4617F8-4BB2-412A-9C8E-26A1F999E91C}"
EndProject
Global
	GlobalSection(SolutionConfigurationPlatforms) = preSolution
		Debug|Any CPU = Debug|Any CPU
		Release|Any CPU = Release|Any CPU
	EndGlobalSection
	GlobalSection(ProjectConfigurationPlatforms) = postSolution
		{CF4617F8-4BB2-412A-9C8E-26A1F999E91C}.Debug|Any CPU.ActiveCfg = Debug|Any CPU
		{CF4617F8-4BB2-412A-9C8E-26A1F999E91C}.Debug|Any CPU.Build.0 = Debug|Any CPU
		{CF4617F8-4BB2-412A-9C8E-26A1F999E91C}.Release|Any CPU.ActiveCfg = Release|Any CPU
		{CF4617F8-4BB2-412A-9C8E-26A1F999E91C}.Release|Any CPU.Build.0 = Release|Any CPU
	EndGlobalSection
	GlobalSection(SolutionProperties) = preSolution
		HideSolutionNode = FALSE
	EndGlobalSection
	GlobalSection(ExtensibilityGlobals) = postSolution
		SolutionGuid = {5CDAA5F6-5FCE-4F92-BFA1-6ED36C67311D}
	EndGlobalSection
EndGlobal
